// !$*UTF8*$!
{
	archiveVersion = 1;
	classes = {
	};
	objectVersion = 46;
	objects = {

/* Begin PBXBuildFile section */
		CA4157FC15A8E6E6006DABE5 /* newIconF.png in Resources */ = {isa = PBXBuildFile; fileRef = CA4157FB15A8E6E6006DABE5 /* newIconF.png */; };
		CA4157FE15A90222006DABE5 /* iconCircle.png in Resources */ = {isa = PBXBuildFile; fileRef = CA4157FD15A90222006DABE5 /* iconCircle.png */; };
		CA4BA6A51574767000B25C04 /* UIKit.framework in Frameworks */ = {isa = PBXBuildFile; fileRef = CA4BA6A41574767000B25C04 /* UIKit.framework */; };
		CA4BA6A71574767000B25C04 /* Foundation.framework in Frameworks */ = {isa = PBXBuildFile; fileRef = CA4BA6A61574767000B25C04 /* Foundation.framework */; };
		CA4BA6A91574767000B25C04 /* CoreGraphics.framework in Frameworks */ = {isa = PBXBuildFile; fileRef = CA4BA6A81574767000B25C04 /* CoreGraphics.framework */; };
		CA4BA6AF1574767000B25C04 /* InfoPlist.strings in Resources */ = {isa = PBXBuildFile; fileRef = CA4BA6AD1574767000B25C04 /* InfoPlist.strings */; };
		CA4BA6B11574767000B25C04 /* main.m in Sources */ = {isa = PBXBuildFile; fileRef = CA4BA6B01574767000B25C04 /* main.m */; };
		CA4BA6B51574767000B25C04 /* AppDelegate.m in Sources */ = {isa = PBXBuildFile; fileRef = CA4BA6B41574767000B25C04 /* AppDelegate.m */; };
		CA4BA6B81574767000B25C04 /* ViewController.m in Sources */ = {isa = PBXBuildFile; fileRef = CA4BA6B71574767000B25C04 /* ViewController.m */; };
		CA4BA6BB1574767100B25C04 /* ViewController.xib in Resources */ = {isa = PBXBuildFile; fileRef = CA4BA6B91574767100B25C04 /* ViewController.xib */; };
		CA4BA6CE1574784400B25C04 /* LoginVC.m in Sources */ = {isa = PBXBuildFile; fileRef = CA4BA6CC1574784400B25C04 /* LoginVC.m */; };
		CA4BA6CF1574784400B25C04 /* LoginVC.xib in Resources */ = {isa = PBXBuildFile; fileRef = CA4BA6CD1574784400B25C04 /* LoginVC.xib */; };
		CA4BA6D31574785500B25C04 /* SignupVC.m in Sources */ = {isa = PBXBuildFile; fileRef = CA4BA6D11574785500B25C04 /* SignupVC.m */; };
		CA4BA6D41574785500B25C04 /* SignupVC.xib in Resources */ = {isa = PBXBuildFile; fileRef = CA4BA6D21574785500B25C04 /* SignupVC.xib */; };
		CA4BA6D91574787700B25C04 /* AppContext.m in Sources */ = {isa = PBXBuildFile; fileRef = CA4BA6D81574787700B25C04 /* AppContext.m */; };
		CA4BA71C1574871C00B25C04 /* SVProgressHUD.bundle in Resources */ = {isa = PBXBuildFile; fileRef = CA4BA7191574871C00B25C04 /* SVProgressHUD.bundle */; };
		CA4BA71D1574871C00B25C04 /* SVProgressHUD.m in Sources */ = {isa = PBXBuildFile; fileRef = CA4BA71B1574871C00B25C04 /* SVProgressHUD.m */; };
		CA4BA72C1575CD2100B25C04 /* libfacebook_ios_sdk.a in Frameworks */ = {isa = PBXBuildFile; fileRef = CA4BA704157486FA00B25C04 /* libfacebook_ios_sdk.a */; };
		CA4BA72F1575CD7400B25C04 /* libSocketRocket.a in Frameworks */ = {isa = PBXBuildFile; fileRef = CA4BA7111574870A00B25C04 /* libSocketRocket.a */; };
		CA4BA7321575CE4E00B25C04 /* CFNetwork.framework in Frameworks */ = {isa = PBXBuildFile; fileRef = CA4BA7311575CE4E00B25C04 /* CFNetwork.framework */; };
		CA4BA7341575CE5800B25C04 /* Security.framework in Frameworks */ = {isa = PBXBuildFile; fileRef = CA4BA7331575CE5800B25C04 /* Security.framework */; };
		CA4BA7361575CE6B00B25C04 /* CoreData.framework in Frameworks */ = {isa = PBXBuildFile; fileRef = CA4BA7351575CE6B00B25C04 /* CoreData.framework */; };
		CA4BA7381575CE6E00B25C04 /* MobileCoreServices.framework in Frameworks */ = {isa = PBXBuildFile; fileRef = CA4BA7371575CE6E00B25C04 /* MobileCoreServices.framework */; };
		CA4BA73A1575CE7F00B25C04 /* QuartzCore.framework in Frameworks */ = {isa = PBXBuildFile; fileRef = CA4BA7391575CE7F00B25C04 /* QuartzCore.framework */; };
		CA4BA73C1575CEAC00B25C04 /* libicucore.dylib in Frameworks */ = {isa = PBXBuildFile; fileRef = CA4BA73B1575CEAC00B25C04 /* libicucore.dylib */; };
		CA4BA73E1575D85200B25C04 /* CoreLocation.framework in Frameworks */ = {isa = PBXBuildFile; fileRef = CA4BA73D1575D85200B25C04 /* CoreLocation.framework */; };
		CA4BA75E15772B3200B25C04 /* FacebookEngine.m in Sources */ = {isa = PBXBuildFile; fileRef = CA4BA75D15772B3200B25C04 /* FacebookEngine.m */; };
		CA643DDF15807A2F001649FD /* bg@2x.png in Resources */ = {isa = PBXBuildFile; fileRef = CA643DDD15807A2F001649FD /* bg@2x.png */; };
		CA643DE015807A2F001649FD /* bg.png in Resources */ = {isa = PBXBuildFile; fileRef = CA643DDE15807A2F001649FD /* bg.png */; };
		CA643DE415818BF6001649FD /* ChatView.m in Sources */ = {isa = PBXBuildFile; fileRef = CA643DE215818BF6001649FD /* ChatView.m */; };
		CA643DE515818BF6001649FD /* ChatView.xib in Resources */ = {isa = PBXBuildFile; fileRef = CA643DE315818BF6001649FD /* ChatView.xib */; };
		CA643DE915818C2F001649FD /* TrophyView.m in Sources */ = {isa = PBXBuildFile; fileRef = CA643DE715818C2F001649FD /* TrophyView.m */; };
		CA643DEA15818C2F001649FD /* TrophyView.xib in Resources */ = {isa = PBXBuildFile; fileRef = CA643DE815818C2F001649FD /* TrophyView.xib */; };
		CA643E0115819E40001649FD /* ChatMessage.m in Sources */ = {isa = PBXBuildFile; fileRef = CA643E0015819E40001649FD /* ChatMessage.m */; };
		CA643E541584935B001649FD /* MessageCell.m in Sources */ = {isa = PBXBuildFile; fileRef = CA643E531584935B001649FD /* MessageCell.m */; };
		CA7533D7159973C2000BE64F /* TrophyViewContainer.m in Sources */ = {isa = PBXBuildFile; fileRef = CA7533D5159973C2000BE64F /* TrophyViewContainer.m */; };
		CA7533D8159973C2000BE64F /* TrophyViewContainer.xib in Resources */ = {isa = PBXBuildFile; fileRef = CA7533D6159973C2000BE64F /* TrophyViewContainer.xib */; };
		CA7533DC159973E5000BE64F /* TrophyViewCell.m in Sources */ = {isa = PBXBuildFile; fileRef = CA7533DA159973E5000BE64F /* TrophyViewCell.m */; };
		CA7533DD159973E5000BE64F /* TrophyViewCell.xib in Resources */ = {isa = PBXBuildFile; fileRef = CA7533DB159973E5000BE64F /* TrophyViewCell.xib */; };
		CA7534B815A0EE1B000BE64F /* Session.m in Sources */ = {isa = PBXBuildFile; fileRef = CA7534B715A0EE1B000BE64F /* Session.m */; };
		CA75350815A27399000BE64F /* TileButton.m in Sources */ = {isa = PBXBuildFile; fileRef = CA75350715A27399000BE64F /* TileButton.m */; };
		CA75351D15A27D76000BE64F /* UIColor-Expanded.m in Sources */ = {isa = PBXBuildFile; fileRef = CA75351C15A27D76000BE64F /* UIColor-Expanded.m */; };
		CA75356E15A43BD5000BE64F /* icon.png in Resources */ = {isa = PBXBuildFile; fileRef = CA75356D15A43BD5000BE64F /* icon.png */; };
		CA75357015A4C370000BE64F /* AudioToolbox.framework in Frameworks */ = {isa = PBXBuildFile; fileRef = CA75356F15A4C370000BE64F /* AudioToolbox.framework */; };
		CA75358415A4C94A000BE64F /* libGoogleAdMobAds.a in Frameworks */ = {isa = PBXBuildFile; fileRef = CA75357B15A4C94A000BE64F /* libGoogleAdMobAds.a */; };
		CA75358515A4C94A000BE64F /* README.txt in Resources */ = {isa = PBXBuildFile; fileRef = CA75358315A4C94A000BE64F /* README.txt */; };
		CA75358715A4C988000BE64F /* MessageUI.framework in Frameworks */ = {isa = PBXBuildFile; fileRef = CA75358615A4C988000BE64F /* MessageUI.framework */; };
		CA75358915A4C98E000BE64F /* SystemConfiguration.framework in Frameworks */ = {isa = PBXBuildFile; fileRef = CA75358815A4C98E000BE64F /* SystemConfiguration.framework */; };
		CA75358B15A4CB39000BE64F /* Arrow left 512x512.png in Resources */ = {isa = PBXBuildFile; fileRef = CA75358A15A4CB39000BE64F /* Arrow left 512x512.png */; };
		CA75358D15A4CE27000BE64F /* Inbox 512x512.png in Resources */ = {isa = PBXBuildFile; fileRef = CA75358C15A4CE27000BE64F /* Inbox 512x512.png */; };
		CA75358F15A54223000BE64F /* Chat active 512x512.png in Resources */ = {isa = PBXBuildFile; fileRef = CA75358E15A54223000BE64F /* Chat active 512x512.png */; };
		CA75359115A54235000BE64F /* Delete 512x512.png in Resources */ = {isa = PBXBuildFile; fileRef = CA75359015A54235000BE64F /* Delete 512x512.png */; };
		CA75359315A5424D000BE64F /* Rate 512x512.png in Resources */ = {isa = PBXBuildFile; fileRef = CA75359215A5424D000BE64F /* Rate 512x512.png */; };
		CA75359515A54254000BE64F /* Settings 512x512.png in Resources */ = {isa = PBXBuildFile; fileRef = CA75359415A54254000BE64F /* Settings 512x512.png */; };
		CA75359715A54285000BE64F /* Info 512x512.png in Resources */ = {isa = PBXBuildFile; fileRef = CA75359615A54285000BE64F /* Info 512x512.png */; };
		CAB4419C158C834F0000857F /* Thumbdown 512x512.png in Resources */ = {isa = PBXBuildFile; fileRef = CAB4419A158C834F0000857F /* Thumbdown 512x512.png */; };
		CAB4419D158C834F0000857F /* Thumbs up 512x512.png in Resources */ = {isa = PBXBuildFile; fileRef = CAB4419B158C834F0000857F /* Thumbs up 512x512.png */; };
		CAB441A1158D070F0000857F /* RateDialog.m in Sources */ = {isa = PBXBuildFile; fileRef = CAB4419F158D070F0000857F /* RateDialog.m */; };
		CAB441A2158D070F0000857F /* RateDialog.xib in Resources */ = {isa = PBXBuildFile; fileRef = CAB441A0158D070F0000857F /* RateDialog.xib */; };
/* End PBXBuildFile section */

/* Begin PBXContainerItemProxy section */
		CA4BA703157486FA00B25C04 /* PBXContainerItemProxy */ = {
			isa = PBXContainerItemProxy;
			containerPortal = CA4BA6FC157486FA00B25C04 /* facebook-ios-sdk.xcodeproj */;
			proxyType = 2;
			remoteGlobalIDString = D2AAC07E0554694100DB518D;
			remoteInfo = "facebook-ios-sdk";
		};
		CA4BA7101574870A00B25C04 /* PBXContainerItemProxy */ = {
			isa = PBXContainerItemProxy;
			containerPortal = CA4BA7051574870900B25C04 /* SocketRocket.xcodeproj */;
			proxyType = 2;
			remoteGlobalIDString = F6B2082D1450F597009315AF;
			remoteInfo = SocketRocket;
		};
		CA4BA7121574870A00B25C04 /* PBXContainerItemProxy */ = {
			isa = PBXContainerItemProxy;
			containerPortal = CA4BA7051574870900B25C04 /* SocketRocket.xcodeproj */;
			proxyType = 2;
			remoteGlobalIDString = F668C880153E91210044DBAC;
			remoteInfo = SocketRocketOSX;
		};
		CA4BA7141574870A00B25C04 /* PBXContainerItemProxy */ = {
			isa = PBXContainerItemProxy;
			containerPortal = CA4BA7051574870900B25C04 /* SocketRocket.xcodeproj */;
			proxyType = 2;
			remoteGlobalIDString = F6BDA802145900D200FE3253;
			remoteInfo = SRWebSocketTests;
		};
		CA4BA7161574870A00B25C04 /* PBXContainerItemProxy */ = {
			isa = PBXContainerItemProxy;
			containerPortal = CA4BA7051574870900B25C04 /* SocketRocket.xcodeproj */;
			proxyType = 2;
			remoteGlobalIDString = F62417E314D52F3C003CE997;
			remoteInfo = TestChat;
		};
		CA4BA71E1574873900B25C04 /* PBXContainerItemProxy */ = {
			isa = PBXContainerItemProxy;
			containerPortal = CA4BA6FC157486FA00B25C04 /* facebook-ios-sdk.xcodeproj */;
			proxyType = 1;
			remoteGlobalIDString = D2AAC07D0554694100DB518D;
			remoteInfo = "facebook-ios-sdk";
		};
		CA4BA7201574873F00B25C04 /* PBXContainerItemProxy */ = {
			isa = PBXContainerItemProxy;
			containerPortal = CA4BA7051574870900B25C04 /* SocketRocket.xcodeproj */;
			proxyType = 1;
			remoteGlobalIDString = F6B2082C1450F597009315AF;
			remoteInfo = SocketRocket;
		};
/* End PBXContainerItemProxy section */

/* Begin PBXFileReference section */
		CA4157FB15A8E6E6006DABE5 /* newIconF.png */ = {isa = PBXFileReference; lastKnownFileType = image.png; path = newIconF.png; sourceTree = "<group>"; };
		CA4157FD15A90222006DABE5 /* iconCircle.png */ = {isa = PBXFileReference; lastKnownFileType = image.png; path = iconCircle.png; sourceTree = "<group>"; };
		CA4BA6A01574767000B25C04 /* chattoknow.app */ = {isa = PBXFileReference; explicitFileType = wrapper.application; includeInIndex = 0; path = chattoknow.app; sourceTree = BUILT_PRODUCTS_DIR; };
		CA4BA6A41574767000B25C04 /* UIKit.framework */ = {isa = PBXFileReference; lastKnownFileType = wrapper.framework; name = UIKit.framework; path = System/Library/Frameworks/UIKit.framework; sourceTree = SDKROOT; };
		CA4BA6A61574767000B25C04 /* Foundation.framework */ = {isa = PBXFileReference; lastKnownFileType = wrapper.framework; name = Foundation.framework; path = System/Library/Frameworks/Foundation.framework; sourceTree = SDKROOT; };
		CA4BA6A81574767000B25C04 /* CoreGraphics.framework */ = {isa = PBXFileReference; lastKnownFileType = wrapper.framework; name = CoreGraphics.framework; path = System/Library/Frameworks/CoreGraphics.framework; sourceTree = SDKROOT; };
		CA4BA6AC1574767000B25C04 /* chattoknow-Info.plist */ = {isa = PBXFileReference; lastKnownFileType = text.plist.xml; path = "chattoknow-Info.plist"; sourceTree = "<group>"; };
		CA4BA6AE1574767000B25C04 /* en */ = {isa = PBXFileReference; lastKnownFileType = text.plist.strings; name = en; path = en.lproj/InfoPlist.strings; sourceTree = "<group>"; };
		CA4BA6B01574767000B25C04 /* main.m */ = {isa = PBXFileReference; lastKnownFileType = sourcecode.c.objc; path = main.m; sourceTree = "<group>"; };
		CA4BA6B21574767000B25C04 /* chattoknow-Prefix.pch */ = {isa = PBXFileReference; lastKnownFileType = sourcecode.c.h; path = "chattoknow-Prefix.pch"; sourceTree = "<group>"; };
		CA4BA6B31574767000B25C04 /* AppDelegate.h */ = {isa = PBXFileReference; lastKnownFileType = sourcecode.c.h; path = AppDelegate.h; sourceTree = "<group>"; };
		CA4BA6B41574767000B25C04 /* AppDelegate.m */ = {isa = PBXFileReference; lastKnownFileType = sourcecode.c.objc; path = AppDelegate.m; sourceTree = "<group>"; };
		CA4BA6B61574767000B25C04 /* ViewController.h */ = {isa = PBXFileReference; lastKnownFileType = sourcecode.c.h; path = ViewController.h; sourceTree = "<group>"; };
		CA4BA6B71574767000B25C04 /* ViewController.m */ = {isa = PBXFileReference; lastKnownFileType = sourcecode.c.objc; path = ViewController.m; sourceTree = "<group>"; };
		CA4BA6BA1574767100B25C04 /* en */ = {isa = PBXFileReference; lastKnownFileType = file.xib; name = en; path = en.lproj/ViewController.xib; sourceTree = "<group>"; };
		CA4BA6CB1574784400B25C04 /* LoginVC.h */ = {isa = PBXFileReference; fileEncoding = 4; lastKnownFileType = sourcecode.c.h; path = LoginVC.h; sourceTree = "<group>"; };
		CA4BA6CC1574784400B25C04 /* LoginVC.m */ = {isa = PBXFileReference; fileEncoding = 4; lastKnownFileType = sourcecode.c.objc; path = LoginVC.m; sourceTree = "<group>"; };
		CA4BA6CD1574784400B25C04 /* LoginVC.xib */ = {isa = PBXFileReference; fileEncoding = 4; lastKnownFileType = file.xib; path = LoginVC.xib; sourceTree = "<group>"; };
		CA4BA6D01574785500B25C04 /* SignupVC.h */ = {isa = PBXFileReference; fileEncoding = 4; lastKnownFileType = sourcecode.c.h; path = SignupVC.h; sourceTree = "<group>"; };
		CA4BA6D11574785500B25C04 /* SignupVC.m */ = {isa = PBXFileReference; fileEncoding = 4; lastKnownFileType = sourcecode.c.objc; path = SignupVC.m; sourceTree = "<group>"; };
		CA4BA6D21574785500B25C04 /* SignupVC.xib */ = {isa = PBXFileReference; fileEncoding = 4; lastKnownFileType = file.xib; path = SignupVC.xib; sourceTree = "<group>"; };
		CA4BA6D71574787700B25C04 /* AppContext.h */ = {isa = PBXFileReference; fileEncoding = 4; lastKnownFileType = sourcecode.c.h; path = AppContext.h; sourceTree = "<group>"; };
		CA4BA6D81574787700B25C04 /* AppContext.m */ = {isa = PBXFileReference; fileEncoding = 4; lastKnownFileType = sourcecode.c.objc; path = AppContext.m; sourceTree = "<group>"; };
		CA4BA6FC157486FA00B25C04 /* facebook-ios-sdk.xcodeproj */ = {isa = PBXFileReference; lastKnownFileType = "wrapper.pb-project"; name = "facebook-ios-sdk.xcodeproj"; path = "facebook-ios-sdk/src/facebook-ios-sdk.xcodeproj"; sourceTree = "<group>"; };
		CA4BA7051574870900B25C04 /* SocketRocket.xcodeproj */ = {isa = PBXFileReference; lastKnownFileType = "wrapper.pb-project"; name = SocketRocket.xcodeproj; path = SocketRocket/SocketRocket.xcodeproj; sourceTree = "<group>"; };
		CA4BA7191574871C00B25C04 /* SVProgressHUD.bundle */ = {isa = PBXFileReference; lastKnownFileType = "wrapper.plug-in"; path = SVProgressHUD.bundle; sourceTree = "<group>"; };
		CA4BA71A1574871C00B25C04 /* SVProgressHUD.h */ = {isa = PBXFileReference; fileEncoding = 4; lastKnownFileType = sourcecode.c.h; path = SVProgressHUD.h; sourceTree = "<group>"; };
		CA4BA71B1574871C00B25C04 /* SVProgressHUD.m */ = {isa = PBXFileReference; fileEncoding = 4; lastKnownFileType = sourcecode.c.objc; path = SVProgressHUD.m; sourceTree = "<group>"; };
		CA4BA7311575CE4E00B25C04 /* CFNetwork.framework */ = {isa = PBXFileReference; lastKnownFileType = wrapper.framework; name = CFNetwork.framework; path = System/Library/Frameworks/CFNetwork.framework; sourceTree = SDKROOT; };
		CA4BA7331575CE5800B25C04 /* Security.framework */ = {isa = PBXFileReference; lastKnownFileType = wrapper.framework; name = Security.framework; path = System/Library/Frameworks/Security.framework; sourceTree = SDKROOT; };
		CA4BA7351575CE6B00B25C04 /* CoreData.framework */ = {isa = PBXFileReference; lastKnownFileType = wrapper.framework; name = CoreData.framework; path = System/Library/Frameworks/CoreData.framework; sourceTree = SDKROOT; };
		CA4BA7371575CE6E00B25C04 /* MobileCoreServices.framework */ = {isa = PBXFileReference; lastKnownFileType = wrapper.framework; name = MobileCoreServices.framework; path = System/Library/Frameworks/MobileCoreServices.framework; sourceTree = SDKROOT; };
		CA4BA7391575CE7F00B25C04 /* QuartzCore.framework */ = {isa = PBXFileReference; lastKnownFileType = wrapper.framework; name = QuartzCore.framework; path = System/Library/Frameworks/QuartzCore.framework; sourceTree = SDKROOT; };
		CA4BA73B1575CEAC00B25C04 /* libicucore.dylib */ = {isa = PBXFileReference; lastKnownFileType = "compiled.mach-o.dylib"; name = libicucore.dylib; path = usr/lib/libicucore.dylib; sourceTree = SDKROOT; };
		CA4BA73D1575D85200B25C04 /* CoreLocation.framework */ = {isa = PBXFileReference; lastKnownFileType = wrapper.framework; name = CoreLocation.framework; path = System/Library/Frameworks/CoreLocation.framework; sourceTree = SDKROOT; };
		CA4BA75C15772B3200B25C04 /* FacebookEngine.h */ = {isa = PBXFileReference; fileEncoding = 4; lastKnownFileType = sourcecode.c.h; path = FacebookEngine.h; sourceTree = "<group>"; };
		CA4BA75D15772B3200B25C04 /* FacebookEngine.m */ = {isa = PBXFileReference; fileEncoding = 4; lastKnownFileType = sourcecode.c.objc; path = FacebookEngine.m; sourceTree = "<group>"; };
		CA643DDD15807A2F001649FD /* bg@2x.png */ = {isa = PBXFileReference; lastKnownFileType = image.png; path = "bg@2x.png"; sourceTree = "<group>"; };
		CA643DDE15807A2F001649FD /* bg.png */ = {isa = PBXFileReference; lastKnownFileType = image.png; path = bg.png; sourceTree = "<group>"; };
		CA643DE115818BF6001649FD /* ChatView.h */ = {isa = PBXFileReference; fileEncoding = 4; lastKnownFileType = sourcecode.c.h; path = ChatView.h; sourceTree = "<group>"; };
		CA643DE215818BF6001649FD /* ChatView.m */ = {isa = PBXFileReference; fileEncoding = 4; lastKnownFileType = sourcecode.c.objc; path = ChatView.m; sourceTree = "<group>"; };
		CA643DE315818BF6001649FD /* ChatView.xib */ = {isa = PBXFileReference; fileEncoding = 4; lastKnownFileType = file.xib; path = ChatView.xib; sourceTree = "<group>"; };
		CA643DE615818C2F001649FD /* TrophyView.h */ = {isa = PBXFileReference; fileEncoding = 4; lastKnownFileType = sourcecode.c.h; path = TrophyView.h; sourceTree = "<group>"; };
		CA643DE715818C2F001649FD /* TrophyView.m */ = {isa = PBXFileReference; fileEncoding = 4; lastKnownFileType = sourcecode.c.objc; path = TrophyView.m; sourceTree = "<group>"; };
		CA643DE815818C2F001649FD /* TrophyView.xib */ = {isa = PBXFileReference; fileEncoding = 4; lastKnownFileType = file.xib; path = TrophyView.xib; sourceTree = "<group>"; };
		CA643DFF15819E40001649FD /* ChatMessage.h */ = {isa = PBXFileReference; fileEncoding = 4; lastKnownFileType = sourcecode.c.h; path = ChatMessage.h; sourceTree = "<group>"; };
		CA643E0015819E40001649FD /* ChatMessage.m */ = {isa = PBXFileReference; fileEncoding = 4; lastKnownFileType = sourcecode.c.objc; path = ChatMessage.m; sourceTree = "<group>"; };
		CA643E521584935B001649FD /* MessageCell.h */ = {isa = PBXFileReference; fileEncoding = 4; lastKnownFileType = sourcecode.c.h; path = MessageCell.h; sourceTree = "<group>"; };
		CA643E531584935B001649FD /* MessageCell.m */ = {isa = PBXFileReference; fileEncoding = 4; lastKnownFileType = sourcecode.c.objc; path = MessageCell.m; sourceTree = "<group>"; };
		CA7533D4159973C2000BE64F /* TrophyViewContainer.h */ = {isa = PBXFileReference; fileEncoding = 4; lastKnownFileType = sourcecode.c.h; path = TrophyViewContainer.h; sourceTree = "<group>"; };
		CA7533D5159973C2000BE64F /* TrophyViewContainer.m */ = {isa = PBXFileReference; fileEncoding = 4; lastKnownFileType = sourcecode.c.objc; path = TrophyViewContainer.m; sourceTree = "<group>"; };
		CA7533D6159973C2000BE64F /* TrophyViewContainer.xib */ = {isa = PBXFileReference; fileEncoding = 4; lastKnownFileType = file.xib; path = TrophyViewContainer.xib; sourceTree = "<group>"; };
		CA7533D9159973E5000BE64F /* TrophyViewCell.h */ = {isa = PBXFileReference; fileEncoding = 4; lastKnownFileType = sourcecode.c.h; path = TrophyViewCell.h; sourceTree = "<group>"; };
		CA7533DA159973E5000BE64F /* TrophyViewCell.m */ = {isa = PBXFileReference; fileEncoding = 4; lastKnownFileType = sourcecode.c.objc; path = TrophyViewCell.m; sourceTree = "<group>"; };
		CA7533DB159973E5000BE64F /* TrophyViewCell.xib */ = {isa = PBXFileReference; fileEncoding = 4; lastKnownFileType = file.xib; path = TrophyViewCell.xib; sourceTree = "<group>"; };
		CA7534B615A0EE1B000BE64F /* Session.h */ = {isa = PBXFileReference; fileEncoding = 4; lastKnownFileType = sourcecode.c.h; path = Session.h; sourceTree = "<group>"; };
		CA7534B715A0EE1B000BE64F /* Session.m */ = {isa = PBXFileReference; fileEncoding = 4; lastKnownFileType = sourcecode.c.objc; path = Session.m; sourceTree = "<group>"; };
		CA75350615A27399000BE64F /* TileButton.h */ = {isa = PBXFileReference; fileEncoding = 4; lastKnownFileType = sourcecode.c.h; path = TileButton.h; sourceTree = "<group>"; };
		CA75350715A27399000BE64F /* TileButton.m */ = {isa = PBXFileReference; fileEncoding = 4; lastKnownFileType = sourcecode.c.objc; path = TileButton.m; sourceTree = "<group>"; };
		CA75351B15A27D76000BE64F /* UIColor-Expanded.h */ = {isa = PBXFileReference; fileEncoding = 4; lastKnownFileType = sourcecode.c.h; path = "UIColor-Expanded.h"; sourceTree = "<group>"; };
		CA75351C15A27D76000BE64F /* UIColor-Expanded.m */ = {isa = PBXFileReference; fileEncoding = 4; lastKnownFileType = sourcecode.c.objc; path = "UIColor-Expanded.m"; sourceTree = "<group>"; };
		CA75356D15A43BD5000BE64F /* icon.png */ = {isa = PBXFileReference; lastKnownFileType = image.png; path = icon.png; sourceTree = "<group>"; };
		CA75356F15A4C370000BE64F /* AudioToolbox.framework */ = {isa = PBXFileReference; lastKnownFileType = wrapper.framework; name = AudioToolbox.framework; path = System/Library/Frameworks/AudioToolbox.framework; sourceTree = SDKROOT; };
		CA75357215A4C94A000BE64F /* GADAdMobExtras.h */ = {isa = PBXFileReference; fileEncoding = 4; lastKnownFileType = sourcecode.c.h; path = GADAdMobExtras.h; sourceTree = "<group>"; };
		CA75357315A4C94A000BE64F /* GADAdNetworkExtras.h */ = {isa = PBXFileReference; fileEncoding = 4; lastKnownFileType = sourcecode.c.h; path = GADAdNetworkExtras.h; sourceTree = "<group>"; };
		CA75357415A4C94A000BE64F /* GADAdSize.h */ = {isa = PBXFileReference; fileEncoding = 4; lastKnownFileType = sourcecode.c.h; path = GADAdSize.h; sourceTree = "<group>"; };
		CA75357515A4C94A000BE64F /* GADBannerView.h */ = {isa = PBXFileReference; fileEncoding = 4; lastKnownFileType = sourcecode.c.h; path = GADBannerView.h; sourceTree = "<group>"; };
		CA75357615A4C94A000BE64F /* GADBannerViewDelegate.h */ = {isa = PBXFileReference; fileEncoding = 4; lastKnownFileType = sourcecode.c.h; path = GADBannerViewDelegate.h; sourceTree = "<group>"; };
		CA75357715A4C94A000BE64F /* GADInterstitial.h */ = {isa = PBXFileReference; fileEncoding = 4; lastKnownFileType = sourcecode.c.h; path = GADInterstitial.h; sourceTree = "<group>"; };
		CA75357815A4C94A000BE64F /* GADInterstitialDelegate.h */ = {isa = PBXFileReference; fileEncoding = 4; lastKnownFileType = sourcecode.c.h; path = GADInterstitialDelegate.h; sourceTree = "<group>"; };
		CA75357915A4C94A000BE64F /* GADRequest.h */ = {isa = PBXFileReference; fileEncoding = 4; lastKnownFileType = sourcecode.c.h; path = GADRequest.h; sourceTree = "<group>"; };
		CA75357A15A4C94A000BE64F /* GADRequestError.h */ = {isa = PBXFileReference; fileEncoding = 4; lastKnownFileType = sourcecode.c.h; path = GADRequestError.h; sourceTree = "<group>"; };
		CA75357B15A4C94A000BE64F /* libGoogleAdMobAds.a */ = {isa = PBXFileReference; lastKnownFileType = archive.ar; path = libGoogleAdMobAds.a; sourceTree = "<group>"; };
		CA75357D15A4C94A000BE64F /* GADCustomEventBanner.h */ = {isa = PBXFileReference; fileEncoding = 4; lastKnownFileType = sourcecode.c.h; path = GADCustomEventBanner.h; sourceTree = "<group>"; };
		CA75357E15A4C94A000BE64F /* GADCustomEventBannerDelegate.h */ = {isa = PBXFileReference; fileEncoding = 4; lastKnownFileType = sourcecode.c.h; path = GADCustomEventBannerDelegate.h; sourceTree = "<group>"; };
		CA75357F15A4C94A000BE64F /* GADCustomEventExtras.h */ = {isa = PBXFileReference; fileEncoding = 4; lastKnownFileType = sourcecode.c.h; path = GADCustomEventExtras.h; sourceTree = "<group>"; };
		CA75358015A4C94A000BE64F /* GADCustomEventInterstitial.h */ = {isa = PBXFileReference; fileEncoding = 4; lastKnownFileType = sourcecode.c.h; path = GADCustomEventInterstitial.h; sourceTree = "<group>"; };
		CA75358115A4C94A000BE64F /* GADCustomEventInterstitialDelegate.h */ = {isa = PBXFileReference; fileEncoding = 4; lastKnownFileType = sourcecode.c.h; path = GADCustomEventInterstitialDelegate.h; sourceTree = "<group>"; };
		CA75358215A4C94A000BE64F /* GADCustomEventRequest.h */ = {isa = PBXFileReference; fileEncoding = 4; lastKnownFileType = sourcecode.c.h; path = GADCustomEventRequest.h; sourceTree = "<group>"; };
		CA75358315A4C94A000BE64F /* README.txt */ = {isa = PBXFileReference; fileEncoding = 4; lastKnownFileType = text; path = README.txt; sourceTree = "<group>"; };
		CA75358615A4C988000BE64F /* MessageUI.framework */ = {isa = PBXFileReference; lastKnownFileType = wrapper.framework; name = MessageUI.framework; path = System/Library/Frameworks/MessageUI.framework; sourceTree = SDKROOT; };
		CA75358815A4C98E000BE64F /* SystemConfiguration.framework */ = {isa = PBXFileReference; lastKnownFileType = wrapper.framework; name = SystemConfiguration.framework; path = System/Library/Frameworks/SystemConfiguration.framework; sourceTree = SDKROOT; };
		CA75358A15A4CB39000BE64F /* Arrow left 512x512.png */ = {isa = PBXFileReference; lastKnownFileType = image.png; path = "Arrow left 512x512.png"; sourceTree = "<group>"; };
		CA75358C15A4CE27000BE64F /* Inbox 512x512.png */ = {isa = PBXFileReference; lastKnownFileType = image.png; path = "Inbox 512x512.png"; sourceTree = "<group>"; };
		CA75358E15A54223000BE64F /* Chat active 512x512.png */ = {isa = PBXFileReference; lastKnownFileType = image.png; path = "Chat active 512x512.png"; sourceTree = "<group>"; };
		CA75359015A54235000BE64F /* Delete 512x512.png */ = {isa = PBXFileReference; lastKnownFileType = image.png; path = "Delete 512x512.png"; sourceTree = "<group>"; };
		CA75359215A5424D000BE64F /* Rate 512x512.png */ = {isa = PBXFileReference; lastKnownFileType = image.png; path = "Rate 512x512.png"; sourceTree = "<group>"; };
		CA75359415A54254000BE64F /* Settings 512x512.png */ = {isa = PBXFileReference; lastKnownFileType = image.png; path = "Settings 512x512.png"; sourceTree = "<group>"; };
		CA75359615A54285000BE64F /* Info 512x512.png */ = {isa = PBXFileReference; lastKnownFileType = image.png; path = "Info 512x512.png"; sourceTree = "<group>"; };
		CAB4419A158C834F0000857F /* Thumbdown 512x512.png */ = {isa = PBXFileReference; lastKnownFileType = image.png; path = "Thumbdown 512x512.png"; sourceTree = "<group>"; };
		CAB4419B158C834F0000857F /* Thumbs up 512x512.png */ = {isa = PBXFileReference; lastKnownFileType = image.png; path = "Thumbs up 512x512.png"; sourceTree = "<group>"; };
		CAB4419E158D070F0000857F /* RateDialog.h */ = {isa = PBXFileReference; fileEncoding = 4; lastKnownFileType = sourcecode.c.h; path = RateDialog.h; sourceTree = "<group>"; };
		CAB4419F158D070F0000857F /* RateDialog.m */ = {isa = PBXFileReference; fileEncoding = 4; lastKnownFileType = sourcecode.c.objc; path = RateDialog.m; sourceTree = "<group>"; };
		CAB441A0158D070F0000857F /* RateDialog.xib */ = {isa = PBXFileReference; fileEncoding = 4; lastKnownFileType = file.xib; path = RateDialog.xib; sourceTree = "<group>"; };
/* End PBXFileReference section */

/* Begin PBXFrameworksBuildPhase section */
		CA4BA69D1574767000B25C04 /* Frameworks */ = {
			isa = PBXFrameworksBuildPhase;
			buildActionMask = 2147483647;
			files = (
				CA4BA6A91574767000B25C04 /* CoreGraphics.framework in Frameworks */,
				CA75358915A4C98E000BE64F /* SystemConfiguration.framework in Frameworks */,
				CA75358715A4C988000BE64F /* MessageUI.framework in Frameworks */,
				CA75357015A4C370000BE64F /* AudioToolbox.framework in Frameworks */,
				CA4BA73E1575D85200B25C04 /* CoreLocation.framework in Frameworks */,
				CA4BA73C1575CEAC00B25C04 /* libicucore.dylib in Frameworks */,
				CA4BA73A1575CE7F00B25C04 /* QuartzCore.framework in Frameworks */,
				CA4BA7381575CE6E00B25C04 /* MobileCoreServices.framework in Frameworks */,
				CA4BA7361575CE6B00B25C04 /* CoreData.framework in Frameworks */,
				CA4BA7341575CE5800B25C04 /* Security.framework in Frameworks */,
				CA4BA7321575CE4E00B25C04 /* CFNetwork.framework in Frameworks */,
				CA4BA72F1575CD7400B25C04 /* libSocketRocket.a in Frameworks */,
				CA4BA72C1575CD2100B25C04 /* libfacebook_ios_sdk.a in Frameworks */,
				CA4BA6A51574767000B25C04 /* UIKit.framework in Frameworks */,
				CA4BA6A71574767000B25C04 /* Foundation.framework in Frameworks */,
				CA75358415A4C94A000BE64F /* libGoogleAdMobAds.a in Frameworks */,
			);
			runOnlyForDeploymentPostprocessing = 0;
		};
/* End PBXFrameworksBuildPhase section */

/* Begin PBXGroup section */
		CA4BA6951574766E00B25C04 = {
			isa = PBXGroup;
			children = (
				CA75358815A4C98E000BE64F /* SystemConfiguration.framework */,
				CA75358615A4C988000BE64F /* MessageUI.framework */,
				CA75357115A4C949000BE64F /* GoogleAdMobAdsSDK */,
				CA75356F15A4C370000BE64F /* AudioToolbox.framework */,
				CA4BA73D1575D85200B25C04 /* CoreLocation.framework */,
				CA4BA73B1575CEAC00B25C04 /* libicucore.dylib */,
				CA4BA7391575CE7F00B25C04 /* QuartzCore.framework */,
				CA4BA7371575CE6E00B25C04 /* MobileCoreServices.framework */,
				CA4BA7351575CE6B00B25C04 /* CoreData.framework */,
				CA4BA7331575CE5800B25C04 /* Security.framework */,
				CA4BA7311575CE4E00B25C04 /* CFNetwork.framework */,
				CA4BA7051574870900B25C04 /* SocketRocket.xcodeproj */,
				CA4BA6FC157486FA00B25C04 /* facebook-ios-sdk.xcodeproj */,
				CA4BA6AA1574767000B25C04 /* chattoknow */,
				CA4BA6A31574767000B25C04 /* Frameworks */,
				CA4BA6A11574767000B25C04 /* Products */,
			);
			sourceTree = "<group>";
		};
		CA4BA6A11574767000B25C04 /* Products */ = {
			isa = PBXGroup;
			children = (
				CA4BA6A01574767000B25C04 /* chattoknow.app */,
			);
			name = Products;
			sourceTree = "<group>";
		};
		CA4BA6A31574767000B25C04 /* Frameworks */ = {
			isa = PBXGroup;
			children = (
				CA4BA6A41574767000B25C04 /* UIKit.framework */,
				CA4BA6A61574767000B25C04 /* Foundation.framework */,
				CA4BA6A81574767000B25C04 /* CoreGraphics.framework */,
			);
			name = Frameworks;
			sourceTree = "<group>";
		};
		CA4BA6AA1574767000B25C04 /* chattoknow */ = {
			isa = PBXGroup;
			children = (
				CA75350515A27388000BE64F /* Subclasses */,
				CA643DDC15807A26001649FD /* assets */,
				CA4BA75B15772B2200B25C04 /* facebook */,
				CA4BA7421575DF2D00B25C04 /* Stats */,
				CA4BA7411575DF2600B25C04 /* Chatting */,
				CA4BA7401575DF1F00B25C04 /* Trophy */,
				CA4BA73F1575DF1800B25C04 /* FindingChat */,
				CA4BA6B61574767000B25C04 /* ViewController.h */,
				CA4BA6B71574767000B25C04 /* ViewController.m */,
				CA4BA6B91574767100B25C04 /* ViewController.xib */,
				CA4BA7181574871C00B25C04 /* SVProgressHUD */,
				CA4BA6D51574785900B25C04 /* Models */,
				CA4BA6CA1574782500B25C04 /* LoginSignup */,
				CA4BA6B31574767000B25C04 /* AppDelegate.h */,
				CA4BA6B41574767000B25C04 /* AppDelegate.m */,
				CA4BA6AB1574767000B25C04 /* Supporting Files */,
			);
			path = chattoknow;
			sourceTree = "<group>";
		};
		CA4BA6AB1574767000B25C04 /* Supporting Files */ = {
			isa = PBXGroup;
			children = (
				CA4BA6AC1574767000B25C04 /* chattoknow-Info.plist */,
				CA4BA6AD1574767000B25C04 /* InfoPlist.strings */,
				CA4BA6B01574767000B25C04 /* main.m */,
				CA4BA6B21574767000B25C04 /* chattoknow-Prefix.pch */,
			);
			name = "Supporting Files";
			sourceTree = "<group>";
		};
		CA4BA6CA1574782500B25C04 /* LoginSignup */ = {
			isa = PBXGroup;
			children = (
				CA4BA6CB1574784400B25C04 /* LoginVC.h */,
				CA4BA6CC1574784400B25C04 /* LoginVC.m */,
				CA4BA6CD1574784400B25C04 /* LoginVC.xib */,
				CA4BA6D01574785500B25C04 /* SignupVC.h */,
				CA4BA6D11574785500B25C04 /* SignupVC.m */,
				CA4BA6D21574785500B25C04 /* SignupVC.xib */,
			);
			name = LoginSignup;
			sourceTree = "<group>";
		};
		CA4BA6D51574785900B25C04 /* Models */ = {
			isa = PBXGroup;
			children = (
				CA4BA6D71574787700B25C04 /* AppContext.h */,
				CA4BA6D81574787700B25C04 /* AppContext.m */,
			);
			name = Models;
			sourceTree = "<group>";
		};
		CA4BA6FD157486FA00B25C04 /* Products */ = {
			isa = PBXGroup;
			children = (
				CA4BA704157486FA00B25C04 /* libfacebook_ios_sdk.a */,
			);
			name = Products;
			sourceTree = "<group>";
		};
		CA4BA7061574870900B25C04 /* Products */ = {
			isa = PBXGroup;
			children = (
				CA4BA7111574870A00B25C04 /* libSocketRocket.a */,
				CA4BA7131574870A00B25C04 /* SocketRocket.framework */,
				CA4BA7151574870A00B25C04 /* SRWebSocketTests.octest */,
				CA4BA7171574870A00B25C04 /* TestChat.app */,
			);
			name = Products;
			sourceTree = "<group>";
		};
		CA4BA7181574871C00B25C04 /* SVProgressHUD */ = {
			isa = PBXGroup;
			children = (
				CA4BA7191574871C00B25C04 /* SVProgressHUD.bundle */,
				CA4BA71A1574871C00B25C04 /* SVProgressHUD.h */,
				CA4BA71B1574871C00B25C04 /* SVProgressHUD.m */,
			);
			path = SVProgressHUD;
			sourceTree = "<group>";
		};
		CA4BA73F1575DF1800B25C04 /* FindingChat */ = {
			isa = PBXGroup;
			children = (
			);
			name = FindingChat;
			sourceTree = "<group>";
		};
		CA4BA7401575DF1F00B25C04 /* Trophy */ = {
			isa = PBXGroup;
			children = (
				CA7533D3159973A6000BE64F /* New Group */,
				CA643DE615818C2F001649FD /* TrophyView.h */,
				CA643DE715818C2F001649FD /* TrophyView.m */,
				CA643DE815818C2F001649FD /* TrophyView.xib */,
			);
			name = Trophy;
			sourceTree = "<group>";
		};
		CA4BA7411575DF2600B25C04 /* Chatting */ = {
			isa = PBXGroup;
			children = (
				CA643E5115849344001649FD /* Cells */,
				CA643DFE15819E32001649FD /* Models */,
				CA643DFD15819C76001649FD /* FriendChat */,
				CA643DE115818BF6001649FD /* ChatView.h */,
				CA643DE215818BF6001649FD /* ChatView.m */,
				CA643DE315818BF6001649FD /* ChatView.xib */,
				CAB4419E158D070F0000857F /* RateDialog.h */,
				CAB4419F158D070F0000857F /* RateDialog.m */,
				CAB441A0158D070F0000857F /* RateDialog.xib */,
			);
			name = Chatting;
			sourceTree = "<group>";
		};
		CA4BA7421575DF2D00B25C04 /* Stats */ = {
			isa = PBXGroup;
			children = (
			);
			name = Stats;
			sourceTree = "<group>";
		};
		CA4BA75B15772B2200B25C04 /* facebook */ = {
			isa = PBXGroup;
			children = (
				CA4BA75C15772B3200B25C04 /* FacebookEngine.h */,
				CA4BA75D15772B3200B25C04 /* FacebookEngine.m */,
			);
			name = facebook;
			sourceTree = "<group>";
		};
		CA643DDC15807A26001649FD /* assets */ = {
			isa = PBXGroup;
			children = (
				CA4157FD15A90222006DABE5 /* iconCircle.png */,
				CA4157FB15A8E6E6006DABE5 /* newIconF.png */,
				CA75359615A54285000BE64F /* Info 512x512.png */,
				CA75359415A54254000BE64F /* Settings 512x512.png */,
				CA75359215A5424D000BE64F /* Rate 512x512.png */,
				CA75359015A54235000BE64F /* Delete 512x512.png */,
				CA75358E15A54223000BE64F /* Chat active 512x512.png */,
				CA75358A15A4CB39000BE64F /* Arrow left 512x512.png */,
				CA75356D15A43BD5000BE64F /* icon.png */,
				CAB4419A158C834F0000857F /* Thumbdown 512x512.png */,
				CAB4419B158C834F0000857F /* Thumbs up 512x512.png */,
				CA643DDD15807A2F001649FD /* bg@2x.png */,
				CA643DDE15807A2F001649FD /* bg.png */,
				CA75358C15A4CE27000BE64F /* Inbox 512x512.png */,
			);
			name = assets;
			sourceTree = "<group>";
		};
		CA643DFD15819C76001649FD /* FriendChat */ = {
			isa = PBXGroup;
			children = (
			);
			name = FriendChat;
			sourceTree = "<group>";
		};
		CA643DFE15819E32001649FD /* Models */ = {
			isa = PBXGroup;
			children = (
				CA643DFF15819E40001649FD /* ChatMessage.h */,
				CA643E0015819E40001649FD /* ChatMessage.m */,
				CA7534B615A0EE1B000BE64F /* Session.h */,
				CA7534B715A0EE1B000BE64F /* Session.m */,
			);
			name = Models;
			sourceTree = "<group>";
		};
		CA643E5115849344001649FD /* Cells */ = {
			isa = PBXGroup;
			children = (
				CA643E521584935B001649FD /* MessageCell.h */,
				CA643E531584935B001649FD /* MessageCell.m */,
			);
			name = Cells;
			sourceTree = "<group>";
		};
		CA7533D3159973A6000BE64F /* New Group */ = {
			isa = PBXGroup;
			children = (
				CA7533D4159973C2000BE64F /* TrophyViewContainer.h */,
				CA7533D5159973C2000BE64F /* TrophyViewContainer.m */,
				CA7533D6159973C2000BE64F /* TrophyViewContainer.xib */,
				CA7533D9159973E5000BE64F /* TrophyViewCell.h */,
				CA7533DA159973E5000BE64F /* TrophyViewCell.m */,
				CA7533DB159973E5000BE64F /* TrophyViewCell.xib */,
			);
			name = "New Group";
			sourceTree = "<group>";
		};
		CA75350515A27388000BE64F /* Subclasses */ = {
			isa = PBXGroup;
			children = (
				CA75350615A27399000BE64F /* TileButton.h */,
				CA75350715A27399000BE64F /* TileButton.m */,
				CA75351B15A27D76000BE64F /* UIColor-Expanded.h */,
				CA75351C15A27D76000BE64F /* UIColor-Expanded.m */,
			);
			name = Subclasses;
			sourceTree = "<group>";
		};
		CA75357115A4C949000BE64F /* GoogleAdMobAdsSDK */ = {
			isa = PBXGroup;
			children = (
				CA75357215A4C94A000BE64F /* GADAdMobExtras.h */,
				CA75357315A4C94A000BE64F /* GADAdNetworkExtras.h */,
				CA75357415A4C94A000BE64F /* GADAdSize.h */,
				CA75357515A4C94A000BE64F /* GADBannerView.h */,
				CA75357615A4C94A000BE64F /* GADBannerViewDelegate.h */,
				CA75357715A4C94A000BE64F /* GADInterstitial.h */,
				CA75357815A4C94A000BE64F /* GADInterstitialDelegate.h */,
				CA75357915A4C94A000BE64F /* GADRequest.h */,
				CA75357A15A4C94A000BE64F /* GADRequestError.h */,
				CA75357B15A4C94A000BE64F /* libGoogleAdMobAds.a */,
				CA75357C15A4C94A000BE64F /* Mediation */,
				CA75358315A4C94A000BE64F /* README.txt */,
			);
			path = GoogleAdMobAdsSDK;
			sourceTree = "<group>";
		};
		CA75357C15A4C94A000BE64F /* Mediation */ = {
			isa = PBXGroup;
			children = (
				CA75357D15A4C94A000BE64F /* GADCustomEventBanner.h */,
				CA75357E15A4C94A000BE64F /* GADCustomEventBannerDelegate.h */,
				CA75357F15A4C94A000BE64F /* GADCustomEventExtras.h */,
				CA75358015A4C94A000BE64F /* GADCustomEventInterstitial.h */,
				CA75358115A4C94A000BE64F /* GADCustomEventInterstitialDelegate.h */,
				CA75358215A4C94A000BE64F /* GADCustomEventRequest.h */,
			);
			path = Mediation;
			sourceTree = "<group>";
		};
/* End PBXGroup section */

/* Begin PBXNativeTarget section */
		CA4BA69F1574767000B25C04 /* chattoknow */ = {
			isa = PBXNativeTarget;
			buildConfigurationList = CA4BA6BE1574767100B25C04 /* Build configuration list for PBXNativeTarget "chattoknow" */;
			buildPhases = (
				CA4BA69C1574767000B25C04 /* Sources */,
				CA4BA69D1574767000B25C04 /* Frameworks */,
				CA4BA69E1574767000B25C04 /* Resources */,
			);
			buildRules = (
			);
			dependencies = (
				CA4BA7211574873F00B25C04 /* PBXTargetDependency */,
				CA4BA71F1574873900B25C04 /* PBXTargetDependency */,
			);
			name = chattoknow;
			productName = chattoknow;
			productReference = CA4BA6A01574767000B25C04 /* chattoknow.app */;
			productType = "com.apple.product-type.application";
		};
/* End PBXNativeTarget section */

/* Begin PBXProject section */
		CA4BA6971574766E00B25C04 /* Project object */ = {
			isa = PBXProject;
			attributes = {
				LastUpgradeCheck = 0430;
				ORGANIZATIONNAME = Player2;
			};
			buildConfigurationList = CA4BA69A1574766E00B25C04 /* Build configuration list for PBXProject "chattoknow" */;
			compatibilityVersion = "Xcode 3.2";
			developmentRegion = English;
			hasScannedForEncodings = 0;
			knownRegions = (
				en,
			);
			mainGroup = CA4BA6951574766E00B25C04;
			productRefGroup = CA4BA6A11574767000B25C04 /* Products */;
			projectDirPath = "";
			projectReferences = (
				{
					ProductGroup = CA4BA6FD157486FA00B25C04 /* Products */;
					ProjectRef = CA4BA6FC157486FA00B25C04 /* facebook-ios-sdk.xcodeproj */;
				},
				{
					ProductGroup = CA4BA7061574870900B25C04 /* Products */;
					ProjectRef = CA4BA7051574870900B25C04 /* SocketRocket.xcodeproj */;
				},
			);
			projectRoot = "";
			targets = (
				CA4BA69F1574767000B25C04 /* chattoknow */,
			);
		};
/* End PBXProject section */

/* Begin PBXReferenceProxy section */
		CA4BA704157486FA00B25C04 /* libfacebook_ios_sdk.a */ = {
			isa = PBXReferenceProxy;
			fileType = archive.ar;
			path = libfacebook_ios_sdk.a;
			remoteRef = CA4BA703157486FA00B25C04 /* PBXContainerItemProxy */;
			sourceTree = BUILT_PRODUCTS_DIR;
		};
		CA4BA7111574870A00B25C04 /* libSocketRocket.a */ = {
			isa = PBXReferenceProxy;
			fileType = archive.ar;
			path = libSocketRocket.a;
			remoteRef = CA4BA7101574870A00B25C04 /* PBXContainerItemProxy */;
			sourceTree = BUILT_PRODUCTS_DIR;
		};
		CA4BA7131574870A00B25C04 /* SocketRocket.framework */ = {
			isa = PBXReferenceProxy;
			fileType = wrapper.framework;
			path = SocketRocket.framework;
			remoteRef = CA4BA7121574870A00B25C04 /* PBXContainerItemProxy */;
			sourceTree = BUILT_PRODUCTS_DIR;
		};
		CA4BA7151574870A00B25C04 /* SRWebSocketTests.octest */ = {
			isa = PBXReferenceProxy;
			fileType = wrapper.cfbundle;
			path = SRWebSocketTests.octest;
			remoteRef = CA4BA7141574870A00B25C04 /* PBXContainerItemProxy */;
			sourceTree = BUILT_PRODUCTS_DIR;
		};
		CA4BA7171574870A00B25C04 /* TestChat.app */ = {
			isa = PBXReferenceProxy;
			fileType = wrapper.application;
			path = TestChat.app;
			remoteRef = CA4BA7161574870A00B25C04 /* PBXContainerItemProxy */;
			sourceTree = BUILT_PRODUCTS_DIR;
		};
/* End PBXReferenceProxy section */

/* Begin PBXResourcesBuildPhase section */
		CA4BA69E1574767000B25C04 /* Resources */ = {
			isa = PBXResourcesBuildPhase;
			buildActionMask = 2147483647;
			files = (
				CA4BA6AF1574767000B25C04 /* InfoPlist.strings in Resources */,
				CA4BA6BB1574767100B25C04 /* ViewController.xib in Resources */,
				CA4BA6CF1574784400B25C04 /* LoginVC.xib in Resources */,
				CA4BA6D41574785500B25C04 /* SignupVC.xib in Resources */,
				CA4BA71C1574871C00B25C04 /* SVProgressHUD.bundle in Resources */,
				CA643DDF15807A2F001649FD /* bg@2x.png in Resources */,
				CA643DE015807A2F001649FD /* bg.png in Resources */,
				CA643DE515818BF6001649FD /* ChatView.xib in Resources */,
				CA643DEA15818C2F001649FD /* TrophyView.xib in Resources */,
				CAB4419C158C834F0000857F /* Thumbdown 512x512.png in Resources */,
				CAB4419D158C834F0000857F /* Thumbs up 512x512.png in Resources */,
				CAB441A2158D070F0000857F /* RateDialog.xib in Resources */,
				CA7533D8159973C2000BE64F /* TrophyViewContainer.xib in Resources */,
				CA7533DD159973E5000BE64F /* TrophyViewCell.xib in Resources */,
				CA75356E15A43BD5000BE64F /* icon.png in Resources */,
				CA75358515A4C94A000BE64F /* README.txt in Resources */,
				CA75358B15A4CB39000BE64F /* Arrow left 512x512.png in Resources */,
				CA75358D15A4CE27000BE64F /* Inbox 512x512.png in Resources */,
				CA75358F15A54223000BE64F /* Chat active 512x512.png in Resources */,
				CA75359115A54235000BE64F /* Delete 512x512.png in Resources */,
				CA75359315A5424D000BE64F /* Rate 512x512.png in Resources */,
				CA75359515A54254000BE64F /* Settings 512x512.png in Resources */,
				CA75359715A54285000BE64F /* Info 512x512.png in Resources */,
				CA4157FC15A8E6E6006DABE5 /* newIconF.png in Resources */,
				CA4157FE15A90222006DABE5 /* iconCircle.png in Resources */,
			);
			runOnlyForDeploymentPostprocessing = 0;
		};
/* End PBXResourcesBuildPhase section */

/* Begin PBXSourcesBuildPhase section */
		CA4BA69C1574767000B25C04 /* Sources */ = {
			isa = PBXSourcesBuildPhase;
			buildActionMask = 2147483647;
			files = (
				CA4BA6B11574767000B25C04 /* main.m in Sources */,
				CA4BA6B51574767000B25C04 /* AppDelegate.m in Sources */,
				CA4BA6B81574767000B25C04 /* ViewController.m in Sources */,
				CA4BA6CE1574784400B25C04 /* LoginVC.m in Sources */,
				CA4BA6D31574785500B25C04 /* SignupVC.m in Sources */,
				CA4BA6D91574787700B25C04 /* AppContext.m in Sources */,
				CA4BA71D1574871C00B25C04 /* SVProgressHUD.m in Sources */,
				CA4BA75E15772B3200B25C04 /* FacebookEngine.m in Sources */,
				CA643DE415818BF6001649FD /* ChatView.m in Sources */,
				CA643DE915818C2F001649FD /* TrophyView.m in Sources */,
				CA643E0115819E40001649FD /* ChatMessage.m in Sources */,
				CA643E541584935B001649FD /* MessageCell.m in Sources */,
				CAB441A1158D070F0000857F /* RateDialog.m in Sources */,
				CA7533D7159973C2000BE64F /* TrophyViewContainer.m in Sources */,
				CA7533DC159973E5000BE64F /* TrophyViewCell.m in Sources */,
				CA7534B815A0EE1B000BE64F /* Session.m in Sources */,
				CA75350815A27399000BE64F /* TileButton.m in Sources */,
				CA75351D15A27D76000BE64F /* UIColor-Expanded.m in Sources */,
			);
			runOnlyForDeploymentPostprocessing = 0;
		};
/* End PBXSourcesBuildPhase section */

/* Begin PBXTargetDependency section */
		CA4BA71F1574873900B25C04 /* PBXTargetDependency */ = {
			isa = PBXTargetDependency;
			name = "facebook-ios-sdk";
			targetProxy = CA4BA71E1574873900B25C04 /* PBXContainerItemProxy */;
		};
		CA4BA7211574873F00B25C04 /* PBXTargetDependency */ = {
			isa = PBXTargetDependency;
			name = SocketRocket;
			targetProxy = CA4BA7201574873F00B25C04 /* PBXContainerItemProxy */;
		};
/* End PBXTargetDependency section */

/* Begin PBXVariantGroup section */
		CA4BA6AD1574767000B25C04 /* InfoPlist.strings */ = {
			isa = PBXVariantGroup;
			children = (
				CA4BA6AE1574767000B25C04 /* en */,
			);
			name = InfoPlist.strings;
			sourceTree = "<group>";
		};
		CA4BA6B91574767100B25C04 /* ViewController.xib */ = {
			isa = PBXVariantGroup;
			children = (
				CA4BA6BA1574767100B25C04 /* en */,
			);
			name = ViewController.xib;
			sourceTree = "<group>";
		};
/* End PBXVariantGroup section */

/* Begin XCBuildConfiguration section */
		CA4BA6BC1574767100B25C04 /* Debug */ = {
			isa = XCBuildConfiguration;
			buildSettings = {
				ALWAYS_SEARCH_USER_PATHS = NO;
				ARCHS = "$(ARCHS_STANDARD_32_BIT)";
				CLANG_ENABLE_OBJC_ARC = YES;
				CODE_SIGN_IDENTITY = "iPhone Developer: anthony lamantia (T843PJZ5LW)";
				"CODE_SIGN_IDENTITY[sdk=iphoneos*]" = "iPhone Developer";
				COPY_PHASE_STRIP = NO;
				GCC_C_LANGUAGE_STANDARD = gnu99;
				GCC_DYNAMIC_NO_PIC = NO;
				GCC_OPTIMIZATION_LEVEL = 0;
				GCC_PREPROCESSOR_DEFINITIONS = (
					"DEBUG=1",
					"$(inherited)",
				);
				GCC_SYMBOLS_PRIVATE_EXTERN = NO;
				GCC_VERSION = com.apple.compilers.llvm.clang.1_0;
				GCC_WARN_ABOUT_RETURN_TYPE = YES;
				GCC_WARN_UNINITIALIZED_AUTOS = YES;
				GCC_WARN_UNUSED_VARIABLE = YES;
				IPHONEOS_DEPLOYMENT_TARGET = 4.0;
				OTHER_LDFLAGS = "-ObjC";
				PROVISIONING_PROFILE = "A000716F-6F35-44BB-A92E-2FC6246BBE07";
				SDKROOT = iphoneos;
			};
			name = Debug;
		};
		CA4BA6BD1574767100B25C04 /* Release */ = {
			isa = XCBuildConfiguration;
			buildSettings = {
				ALWAYS_SEARCH_USER_PATHS = NO;
				ARCHS = "$(ARCHS_STANDARD_32_BIT)";
				CLANG_ENABLE_OBJC_ARC = YES;
				CODE_SIGN_IDENTITY = "iPhone Developer: anthony lamantia (T843PJZ5LW)";
				"CODE_SIGN_IDENTITY[sdk=iphoneos*]" = "iPhone Developer";
				COPY_PHASE_STRIP = YES;
				GCC_C_LANGUAGE_STANDARD = gnu99;
				GCC_VERSION = com.apple.compilers.llvm.clang.1_0;
				GCC_WARN_ABOUT_RETURN_TYPE = YES;
				GCC_WARN_UNINITIALIZED_AUTOS = YES;
				GCC_WARN_UNUSED_VARIABLE = YES;
				IPHONEOS_DEPLOYMENT_TARGET = 4.0;
				OTHER_CFLAGS = "-DNS_BLOCK_ASSERTIONS=1";
				OTHER_LDFLAGS = "-ObjC";
				PROVISIONING_PROFILE = "A000716F-6F35-44BB-A92E-2FC6246BBE07";
				SDKROOT = iphoneos;
				VALIDATE_PRODUCT = YES;
			};
			name = Release;
		};
		CA4BA6BF1574767100B25C04 /* Debug */ = {
			isa = XCBuildConfiguration;
			buildSettings = {
				CODE_SIGN_IDENTITY = "iPhone Developer: anthony lamantia (T843PJZ5LW)";
				GCC_PRECOMPILE_PREFIX_HEADER = YES;
				GCC_PREFIX_HEADER = "chattoknow/chattoknow-Prefix.pch";
				HEADER_SEARCH_PATHS = (
					"\"$(SRCROOT)/facebook-ios-sdk/lib/facebook-ios-sdk\"/**",
					"\"$(SOURCE_ROOT)/SocketRocket/SocketRocket\"",
				);
				INFOPLIST_FILE = "chattoknow/chattoknow-Info.plist";
				LIBRARY_SEARCH_PATHS = (
					"$(inherited)",
					"\"$(SRCROOT)/GoogleAdMobAdsSDK\"",
				);
				OTHER_LDFLAGS = "-ObjC";
				PRODUCT_NAME = "$(TARGET_NAME)";
				PROVISIONING_PROFILE = "A000716F-6F35-44BB-A92E-2FC6246BBE07";
				WRAPPER_EXTENSION = app;
			};
			name = Debug;
		};
		CA4BA6C01574767100B25C04 /* Release */ = {
			isa = XCBuildConfiguration;
			buildSettings = {
				CODE_SIGN_IDENTITY = "iPhone Developer: anthony lamantia (T843PJZ5LW)";
				GCC_PRECOMPILE_PREFIX_HEADER = YES;
				GCC_PREFIX_HEADER = "chattoknow/chattoknow-Prefix.pch";
				HEADER_SEARCH_PATHS = (
					"\"$(SRCROOT)/facebook-ios-sdk/lib/facebook-ios-sdk\"/**",
					"\"$(SOURCE_ROOT)/SocketRocket/SocketRocket\"",
				);
				INFOPLIST_FILE = "chattoknow/chattoknow-Info.plist";
				LIBRARY_SEARCH_PATHS = (
					"$(inherited)",
					"\"$(SRCROOT)/GoogleAdMobAdsSDK\"",
				);
				OTHER_LDFLAGS = "-ObjC";
				PRODUCT_NAME = "$(TARGET_NAME)";
				PROVISIONING_PROFILE = "A000716F-6F35-44BB-A92E-2FC6246BBE07";
				WRAPPER_EXTENSION = app;
			};
			name = Release;
		};
/* End XCBuildConfiguration section */

/* Begin XCConfigurationList section */
		CA4BA69A1574766E00B25C04 /* Build configuration list for PBXProject "chattoknow" */ = {
			isa = XCConfigurationList;
			buildConfigurations = (
				CA4BA6BC1574767100B25C04 /* Debug */,
				CA4BA6BD1574767100B25C04 /* Release */,
			);
			defaultConfigurationIsVisible = 0;
			defaultConfigurationName = Release;
		};
		CA4BA6BE1574767100B25C04 /* Build configuration list for PBXNativeTarget "chattoknow" */ = {
			isa = XCConfigurationList;
			buildConfigurations = (
				CA4BA6BF1574767100B25C04 /* Debug */,
				CA4BA6C01574767100B25C04 /* Release */,
			);
			defaultConfigurationIsVisible = 0;
			defaultConfigurationName = Release;
		};
/* End XCConfigurationList section */
	};
	rootObject = CA4BA6971574766E00B25C04 /* Project object */;
}
